
Microsoft Visual Studio Solution File, Format Version 12.00
# Visual Studio 15
VisualStudioVersion = 15.0.28307.757
MinimumVisualStudioVersion = 10.0.40219.1
Project("{FAE04EC0-301F-11D3-BF4B-00C04F79EFBC}") = "DrinkAndGo", "DrinkAndGo\DrinkAndGo.csproj", "{43BC4208-B3F2-439E-86D5-5E85AC8F3D69}"
EndProject
Global
	GlobalSection(SolutionConfigurationPlatforms) = preSolution
		Debug|Any CPU = Debug|Any CPU
		Release|Any CPU = Release|Any CPU
	EndGlobalSection
	GlobalSection(ProjectConfigurationPlatforms) = postSolution
		{43BC4208-B3F2-439E-86D5-5E85AC8F3D69}.Debug|Any CPU.ActiveCfg = Debug|Any CPU
		{43BC4208-B3F2-439E-86D5-5E85AC8F3D69}.Debug|Any CPU.Build.0 = Debug|Any CPU
		{43BC4208-B3F2-439E-86D5-5E85AC8F3D69}.Release|Any CPU.ActiveCfg = Release|Any CPU
		{43BC4208-B3F2-439E-86D5-5E85AC8F3D69}.Release|Any CPU.Build.0 = Release|Any CPU
	EndGlobalSection
	GlobalSection(SolutionProperties) = preSolution
		HideSolutionNode = FALSE
	EndGlobalSection
	GlobalSection(ExtensibilityGlobals) = postSolution
		SolutionGuid = {ABF8B062-5193-482F-ADF5-0549BD5B8A32}
	EndGlobalSection
EndGlobal
